
Microsoft Visual Studio Solution File, Format Version 12.00
# Visual Studio 14
VisualStudioVersion = 14.0.23107.0
MinimumVisualStudioVersion = 10.0.40219.1
Project("{FAE04EC0-301F-11D3-BF4B-00C04F79EFBC}") = "QMS", "QMS\QMS.csproj", "{CDD5EE54-7387-4EAA-AD0A-472350C1F5A7}"
	ProjectSection(ProjectDependencies) = postProject
		{35CD6E53-0520-4BC5-AC95-E2BE22341309} = {35CD6E53-0520-4BC5-AC95-E2BE22341309}
		{06B0F3E2-34EF-4891-A2CB-3C6802ACD8CB} = {06B0F3E2-34EF-4891-A2CB-3C6802ACD8CB}
	EndProjectSection
EndProject
Project("{FAE04EC0-301F-11D3-BF4B-00C04F79EFBC}") = "QMS.Data", "QMS.Data\QMS.Data.csproj", "{35CD6E53-0520-4BC5-AC95-E2BE22341309}"
EndProject
Project("{FAE04EC0-301F-11D3-BF4B-00C04F79EFBC}") = "QMS.Core", "QMS.Core\QMS.Core.csproj", "{06B0F3E2-34EF-4891-A2CB-3C6802ACD8CB}"
EndProject
Global
	GlobalSection(SolutionConfigurationPlatforms) = preSolution
		Debug|Any CPU = Debug|Any CPU
		Release|Any CPU = Release|Any CPU
	EndGlobalSection
	GlobalSection(ProjectConfigurationPlatforms) = postSolution
		{CDD5EE54-7387-4EAA-AD0A-472350C1F5A7}.Debug|Any CPU.ActiveCfg = Debug|Any CPU
		{CDD5EE54-7387-4EAA-AD0A-472350C1F5A7}.Debug|Any CPU.Build.0 = Debug|Any CPU
		{CDD5EE54-7387-4EAA-AD0A-472350C1F5A7}.Release|Any CPU.ActiveCfg = Release|Any CPU
		{CDD5EE54-7387-4EAA-AD0A-472350C1F5A7}.Release|Any CPU.Build.0 = Release|Any CPU
		{35CD6E53-0520-4BC5-AC95-E2BE22341309}.Debug|Any CPU.ActiveCfg = Debug|Any CPU
		{35CD6E53-0520-4BC5-AC95-E2BE22341309}.Debug|Any CPU.Build.0 = Debug|Any CPU
		{35CD6E53-0520-4BC5-AC95-E2BE22341309}.Release|Any CPU.ActiveCfg = Release|Any CPU
		{35CD6E53-0520-4BC5-AC95-E2BE22341309}.Release|Any CPU.Build.0 = Release|Any CPU
		{06B0F3E2-34EF-4891-A2CB-3C6802ACD8CB}.Debug|Any CPU.ActiveCfg = Debug|Any CPU
		{06B0F3E2-34EF-4891-A2CB-3C6802ACD8CB}.Debug|Any CPU.Build.0 = Debug|Any CPU
		{06B0F3E2-34EF-4891-A2CB-3C6802ACD8CB}.Release|Any CPU.ActiveCfg = Release|Any CPU
		{06B0F3E2-34EF-4891-A2CB-3C6802ACD8CB}.Release|Any CPU.Build.0 = Release|Any CPU
	EndGlobalSection
	GlobalSection(SolutionProperties) = preSolution
		HideSolutionNode = FALSE
	EndGlobalSection
EndGlobal
